
Microsoft Visual Studio Solution File, Format Version 12.00
# Visual Studio Version 17
VisualStudioVersion = 17.2.32616.157
MinimumVisualStudioVersion = 10.0.40219.1
Project("{FAE04EC0-301F-11D3-BF4B-00C04F79EFBC}") = "PocAspNetCore", "PocAspNetCore\PocAspNetCore.csproj", "{344DE87E-7982-4787-9A70-A8039D570032}"
EndProject
Global
	GlobalSection(SolutionConfigurationPlatforms) = preSolution
		Debug|Any CPU = Debug|Any CPU
		Release|Any CPU = Release|Any CPU
	EndGlobalSection
	GlobalSection(ProjectConfigurationPlatforms) = postSolution
		{344DE87E-7982-4787-9A70-A8039D570032}.Debug|Any CPU.ActiveCfg = Debug|Any CPU
		{344DE87E-7982-4787-9A70-A8039D570032}.Debug|Any CPU.Build.0 = Debug|Any CPU
		{344DE87E-7982-4787-9A70-A8039D570032}.Release|Any CPU.ActiveCfg = Release|Any CPU
		{344DE87E-7982-4787-9A70-A8039D570032}.Release|Any CPU.Build.0 = Release|Any CPU
	EndGlobalSection
	GlobalSection(SolutionProperties) = preSolution
		HideSolutionNode = FALSE
	EndGlobalSection
	GlobalSection(ExtensibilityGlobals) = postSolution
		SolutionGuid = {8A6EFEB9-EF9E-42B6-AAE3-E4857D0DD99A}
	EndGlobalSection
EndGlobal
